
Microsoft Visual Studio Solution File, Format Version 12.00
# Visual Studio Version 17
VisualStudioVersion = 17.6.33829.357
MinimumVisualStudioVersion = 10.0.40219.1
Project("{FAE04EC0-301F-11D3-BF4B-00C04F79EFBC}") = "todolist-dotnet6-keycloak", "todolist-dotnet6-keycloak\todolist-dotnet6-keycloak.csproj", "{DC15BB68-CE9F-4994-8B48-0278E895F994}"
EndProject
Global
	GlobalSection(SolutionConfigurationPlatforms) = preSolution
		Debug|Any CPU = Debug|Any CPU
		Release|Any CPU = Release|Any CPU
	EndGlobalSection
	GlobalSection(ProjectConfigurationPlatforms) = postSolution
		{DC15BB68-CE9F-4994-8B48-0278E895F994}.Debug|Any CPU.ActiveCfg = Debug|Any CPU
		{DC15BB68-CE9F-4994-8B48-0278E895F994}.Debug|Any CPU.Build.0 = Debug|Any CPU
		{DC15BB68-CE9F-4994-8B48-0278E895F994}.Release|Any CPU.ActiveCfg = Release|Any CPU
		{DC15BB68-CE9F-4994-8B48-0278E895F994}.Release|Any CPU.Build.0 = Release|Any CPU
	EndGlobalSection
	GlobalSection(SolutionProperties) = preSolution
		HideSolutionNode = FALSE
	EndGlobalSection
	GlobalSection(ExtensibilityGlobals) = postSolution
		SolutionGuid = {5AC966EE-A698-41AA-AB4C-F90A2C667408}
	EndGlobalSection
EndGlobal
